
Microsoft Visual Studio Solution File, Format Version 12.00
# Visual Studio Version 17
VisualStudioVersion = 17.8.34330.188
MinimumVisualStudioVersion = 10.0.40219.1
Project("{FAE04EC0-301F-11D3-BF4B-00C04F79EFBC}") = "Module-1.3", "Module-1.3.csproj", "{F24B920A-D785-4022-9947-38E3A12B5E39}"
EndProject
Global
	GlobalSection(SolutionConfigurationPlatforms) = preSolution
		Debug|Any CPU = Debug|Any CPU
		Release|Any CPU = Release|Any CPU
	EndGlobalSection
	GlobalSection(ProjectConfigurationPlatforms) = postSolution
		{F24B920A-D785-4022-9947-38E3A12B5E39}.Debug|Any CPU.ActiveCfg = Debug|Any CPU
		{F24B920A-D785-4022-9947-38E3A12B5E39}.Debug|Any CPU.Build.0 = Debug|Any CPU
		{F24B920A-D785-4022-9947-38E3A12B5E39}.Release|Any CPU.ActiveCfg = Release|Any CPU
		{F24B920A-D785-4022-9947-38E3A12B5E39}.Release|Any CPU.Build.0 = Release|Any CPU
	EndGlobalSection
	GlobalSection(SolutionProperties) = preSolution
		HideSolutionNode = FALSE
	EndGlobalSection
	GlobalSection(ExtensibilityGlobals) = postSolution
		SolutionGuid = {598BDE3F-74CC-4E12-B1B8-6064D2D051BC}
	EndGlobalSection
EndGlobal
