
Microsoft Visual Studio Solution File, Format Version 12.00
# Visual Studio Version 17
VisualStudioVersion = 17.9.34622.214
MinimumVisualStudioVersion = 10.0.40219.1
Project("{FAE04EC0-301F-11D3-BF4B-00C04F79EFBC}") = "Module-5.1", "Module-5.1.csproj", "{F2425F2F-9CBC-4D7A-8A74-5553E8B95C3B}"
EndProject
Global
	GlobalSection(SolutionConfigurationPlatforms) = preSolution
		Debug|Any CPU = Debug|Any CPU
		Release|Any CPU = Release|Any CPU
	EndGlobalSection
	GlobalSection(ProjectConfigurationPlatforms) = postSolution
		{F2425F2F-9CBC-4D7A-8A74-5553E8B95C3B}.Debug|Any CPU.ActiveCfg = Debug|Any CPU
		{F2425F2F-9CBC-4D7A-8A74-5553E8B95C3B}.Debug|Any CPU.Build.0 = Debug|Any CPU
		{F2425F2F-9CBC-4D7A-8A74-5553E8B95C3B}.Release|Any CPU.ActiveCfg = Release|Any CPU
		{F2425F2F-9CBC-4D7A-8A74-5553E8B95C3B}.Release|Any CPU.Build.0 = Release|Any CPU
	EndGlobalSection
	GlobalSection(SolutionProperties) = preSolution
		HideSolutionNode = FALSE
	EndGlobalSection
	GlobalSection(ExtensibilityGlobals) = postSolution
		SolutionGuid = {9D85C2D7-BC97-4C69-A024-782C769DAC23}
	EndGlobalSection
EndGlobal
