
Microsoft Visual Studio Solution File, Format Version 12.00
# Visual Studio Version 17
VisualStudioVersion = 17.8.34330.188
MinimumVisualStudioVersion = 10.0.40219.1
Project("{FAE04EC0-301F-11D3-BF4B-00C04F79EFBC}") = "Module-1(Write First Code Using C#)", "Module-1(Write First Code Using C#).csproj", "{99740A20-7389-4D66-8053-DCBDCF2DE195}"
EndProject
Global
	GlobalSection(SolutionConfigurationPlatforms) = preSolution
		Debug|Any CPU = Debug|Any CPU
		Release|Any CPU = Release|Any CPU
	EndGlobalSection
	GlobalSection(ProjectConfigurationPlatforms) = postSolution
		{99740A20-7389-4D66-8053-DCBDCF2DE195}.Debug|Any CPU.ActiveCfg = Debug|Any CPU
		{99740A20-7389-4D66-8053-DCBDCF2DE195}.Debug|Any CPU.Build.0 = Debug|Any CPU
		{99740A20-7389-4D66-8053-DCBDCF2DE195}.Release|Any CPU.ActiveCfg = Release|Any CPU
		{99740A20-7389-4D66-8053-DCBDCF2DE195}.Release|Any CPU.Build.0 = Release|Any CPU
	EndGlobalSection
	GlobalSection(SolutionProperties) = preSolution
		HideSolutionNode = FALSE
	EndGlobalSection
	GlobalSection(ExtensibilityGlobals) = postSolution
		SolutionGuid = {88E8BA06-295B-4BF1-93FB-4EA1CC75F39E}
	EndGlobalSection
EndGlobal
