
Microsoft Visual Studio Solution File, Format Version 12.00
# Visual Studio Version 17
VisualStudioVersion = 17.9.34622.214
MinimumVisualStudioVersion = 10.0.40219.1
Project("{FAE04EC0-301F-11D3-BF4B-00C04F79EFBC}") = "Module-4.1", "Module-4.1.csproj", "{0EA6FD67-3B91-4F93-B1D9-F4E430D0104D}"
EndProject
Global
	GlobalSection(SolutionConfigurationPlatforms) = preSolution
		Debug|Any CPU = Debug|Any CPU
		Release|Any CPU = Release|Any CPU
	EndGlobalSection
	GlobalSection(ProjectConfigurationPlatforms) = postSolution
		{0EA6FD67-3B91-4F93-B1D9-F4E430D0104D}.Debug|Any CPU.ActiveCfg = Debug|Any CPU
		{0EA6FD67-3B91-4F93-B1D9-F4E430D0104D}.Debug|Any CPU.Build.0 = Debug|Any CPU
		{0EA6FD67-3B91-4F93-B1D9-F4E430D0104D}.Release|Any CPU.ActiveCfg = Release|Any CPU
		{0EA6FD67-3B91-4F93-B1D9-F4E430D0104D}.Release|Any CPU.Build.0 = Release|Any CPU
	EndGlobalSection
	GlobalSection(SolutionProperties) = preSolution
		HideSolutionNode = FALSE
	EndGlobalSection
	GlobalSection(ExtensibilityGlobals) = postSolution
		SolutionGuid = {8BB21695-F211-4F79-B4C2-4811334A58C9}
	EndGlobalSection
EndGlobal
